// !$*UTF8*$!
{
	archiveVersion = 1;
	classes = {
	};
	objectVersion = 50;
	objects = {

/* Begin PBXBuildFile section */
		55E1DD0E246B4A3A00804FDF /* AppDelegate.swift in Sources */ = {isa = PBXBuildFile; fileRef = 55E1DD0D246B4A3A00804FDF /* AppDelegate.swift */; };
		55E1DD10246B4A3A00804FDF /* SceneDelegate.swift in Sources */ = {isa = PBXBuildFile; fileRef = 55E1DD0F246B4A3A00804FDF /* SceneDelegate.swift */; };
		55E1DD12246B4A3A00804FDF /* ViewController.swift in Sources */ = {isa = PBXBuildFile; fileRef = 55E1DD11246B4A3A00804FDF /* ViewController.swift */; };
		55E1DD15246B4A3A00804FDF /* Main.storyboard in Resources */ = {isa = PBXBuildFile; fileRef = 55E1DD13246B4A3A00804FDF /* Main.storyboard */; };
		55E1DD17246B4A3D00804FDF /* Assets.xcassets in Resources */ = {isa = PBXBuildFile; fileRef = 55E1DD16246B4A3D00804FDF /* Assets.xcassets */; };
		55E1DD1A246B4A3D00804FDF /* LaunchScreen.storyboard in Resources */ = {isa = PBXBuildFile; fileRef = 55E1DD18246B4A3D00804FDF /* LaunchScreen.storyboard */; };
		55E1DD25246B4A3D00804FDF /* DolarNowTests.swift in Sources */ = {isa = PBXBuildFile; fileRef = 55E1DD24246B4A3D00804FDF /* DolarNowTests.swift */; };
		55E1DD30246B4CB700804FDF /* DolarNowCollectionViewCell.swift in Sources */ = {isa = PBXBuildFile; fileRef = 55E1DD2F246B4CB700804FDF /* DolarNowCollectionViewCell.swift */; };
/* End PBXBuildFile section */

/* Begin PBXContainerItemProxy section */
		55E1DD21246B4A3D00804FDF /* PBXContainerItemProxy */ = {
			isa = PBXContainerItemProxy;
			containerPortal = 55E1DD02246B4A3A00804FDF /* Project object */;
			proxyType = 1;
			remoteGlobalIDString = 55E1DD09246B4A3A00804FDF;
			remoteInfo = DolarNow;
		};
/* End PBXContainerItemProxy section */

/* Begin PBXFileReference section */
		55E1DD0A246B4A3A00804FDF /* DolarNow.app */ = {isa = PBXFileReference; explicitFileType = wrapper.application; includeInIndex = 0; path = DolarNow.app; sourceTree = BUILT_PRODUCTS_DIR; };
		55E1DD0D246B4A3A00804FDF /* AppDelegate.swift */ = {isa = PBXFileReference; lastKnownFileType = sourcecode.swift; path = AppDelegate.swift; sourceTree = "<group>"; };
		55E1DD0F246B4A3A00804FDF /* SceneDelegate.swift */ = {isa = PBXFileReference; lastKnownFileType = sourcecode.swift; path = SceneDelegate.swift; sourceTree = "<group>"; };
		55E1DD11246B4A3A00804FDF /* ViewController.swift */ = {isa = PBXFileReference; lastKnownFileType = sourcecode.swift; path = ViewController.swift; sourceTree = "<group>"; };
		55E1DD14246B4A3A00804FDF /* Base */ = {isa = PBXFileReference; lastKnownFileType = file.storyboard; name = Base; path = Base.lproj/Main.storyboard; sourceTree = "<group>"; };
		55E1DD16246B4A3D00804FDF /* Assets.xcassets */ = {isa = PBXFileReference; lastKnownFileType = folder.assetcatalog; path = Assets.xcassets; sourceTree = "<group>"; };
		55E1DD19246B4A3D00804FDF /* Base */ = {isa = PBXFileReference; lastKnownFileType = file.storyboard; name = Base; path = Base.lproj/LaunchScreen.storyboard; sourceTree = "<group>"; };
		55E1DD1B246B4A3D00804FDF /* Info.plist */ = {isa = PBXFileReference; lastKnownFileType = text.plist.xml; path = Info.plist; sourceTree = "<group>"; };
		55E1DD20246B4A3D00804FDF /* DolarNowTests.xctest */ = {isa = PBXFileReference; explicitFileType = wrapper.cfbundle; includeInIndex = 0; path = DolarNowTests.xctest; sourceTree = BUILT_PRODUCTS_DIR; };
		55E1DD24246B4A3D00804FDF /* DolarNowTests.swift */ = {isa = PBXFileReference; lastKnownFileType = sourcecode.swift; path = DolarNowTests.swift; sourceTree = "<group>"; };
		55E1DD26246B4A3D00804FDF /* Info.plist */ = {isa = PBXFileReference; lastKnownFileType = text.plist.xml; path = Info.plist; sourceTree = "<group>"; };
		55E1DD2F246B4CB700804FDF /* DolarNowCollectionViewCell.swift */ = {isa = PBXFileReference; lastKnownFileType = sourcecode.swift; path = DolarNowCollectionViewCell.swift; sourceTree = "<group>"; };
/* End PBXFileReference section */

/* Begin PBXFrameworksBuildPhase section */
		55E1DD07246B4A3A00804FDF /* Frameworks */ = {
			isa = PBXFrameworksBuildPhase;
			buildActionMask = 2147483647;
			files = (
			);
			runOnlyForDeploymentPostprocessing = 0;
		};
		55E1DD1D246B4A3D00804FDF /* Frameworks */ = {
			isa = PBXFrameworksBuildPhase;
			buildActionMask = 2147483647;
			files = (
			);
			runOnlyForDeploymentPostprocessing = 0;
		};
/* End PBXFrameworksBuildPhase section */

/* Begin PBXGroup section */
		55E1DD01246B4A3A00804FDF = {
			isa = PBXGroup;
			children = (
				55E1DD0C246B4A3A00804FDF /* DolarNow */,
				55E1DD23246B4A3D00804FDF /* DolarNowTests */,
				55E1DD0B246B4A3A00804FDF /* Products */,
			);
			sourceTree = "<group>";
		};
		55E1DD0B246B4A3A00804FDF /* Products */ = {
			isa = PBXGroup;
			children = (
				55E1DD0A246B4A3A00804FDF /* DolarNow.app */,
				55E1DD20246B4A3D00804FDF /* DolarNowTests.xctest */,
			);
			name = Products;
			sourceTree = "<group>";
		};
		55E1DD0C246B4A3A00804FDF /* DolarNow */ = {
			isa = PBXGroup;
			children = (
				55E1DD34246B4D1800804FDF /* Model */,
				55E1DD33246B4D0C00804FDF /* View */,
				55E1DD32246B4CF100804FDF /* ViewController */,
				55E1DD0D246B4A3A00804FDF /* AppDelegate.swift */,
				55E1DD0F246B4A3A00804FDF /* SceneDelegate.swift */,
				55E1DD16246B4A3D00804FDF /* Assets.xcassets */,
				55E1DD18246B4A3D00804FDF /* LaunchScreen.storyboard */,
				55E1DD1B246B4A3D00804FDF /* Info.plist */,
			);
			path = DolarNow;
			sourceTree = "<group>";
		};
		55E1DD23246B4A3D00804FDF /* DolarNowTests */ = {
			isa = PBXGroup;
			children = (
				55E1DD24246B4A3D00804FDF /* DolarNowTests.swift */,
				55E1DD26246B4A3D00804FDF /* Info.plist */,
			);
			path = DolarNowTests;
			sourceTree = "<group>";
		};
		55E1DD32246B4CF100804FDF /* ViewController */ = {
			isa = PBXGroup;
			children = (
				55E1DD2F246B4CB700804FDF /* DolarNowCollectionViewCell.swift */,
				55E1DD11246B4A3A00804FDF /* ViewController.swift */,
			);
			path = ViewController;
			sourceTree = "<group>";
		};
		55E1DD33246B4D0C00804FDF /* View */ = {
			isa = PBXGroup;
			children = (
				55E1DD13246B4A3A00804FDF /* Main.storyboard */,
			);
			path = View;
			sourceTree = "<group>";
		};
		55E1DD34246B4D1800804FDF /* Model */ = {
			isa = PBXGroup;
			children = (
			);
			path = Model;
			sourceTree = "<group>";
		};
/* End PBXGroup section */

/* Begin PBXNativeTarget section */
		55E1DD09246B4A3A00804FDF /* DolarNow */ = {
			isa = PBXNativeTarget;
			buildConfigurationList = 55E1DD29246B4A3D00804FDF /* Build configuration list for PBXNativeTarget "DolarNow" */;
			buildPhases = (
				55E1DD06246B4A3A00804FDF /* Sources */,
				55E1DD07246B4A3A00804FDF /* Frameworks */,
				55E1DD08246B4A3A00804FDF /* Resources */,
			);
			buildRules = (
			);
			dependencies = (
			);
			name = DolarNow;
			productName = DolarNow;
			productReference = 55E1DD0A246B4A3A00804FDF /* DolarNow.app */;
			productType = "com.apple.product-type.application";
		};
		55E1DD1F246B4A3D00804FDF /* DolarNowTests */ = {
			isa = PBXNativeTarget;
			buildConfigurationList = 55E1DD2C246B4A3D00804FDF /* Build configuration list for PBXNativeTarget "DolarNowTests" */;
			buildPhases = (
				55E1DD1C246B4A3D00804FDF /* Sources */,
				55E1DD1D246B4A3D00804FDF /* Frameworks */,
				55E1DD1E246B4A3D00804FDF /* Resources */,
			);
			buildRules = (
			);
			dependencies = (
				55E1DD22246B4A3D00804FDF /* PBXTargetDependency */,
			);
			name = DolarNowTests;
			productName = DolarNowTests;
			productReference = 55E1DD20246B4A3D00804FDF /* DolarNowTests.xctest */;
			productType = "com.apple.product-type.bundle.unit-test";
		};
/* End PBXNativeTarget section */

/* Begin PBXProject section */
		55E1DD02246B4A3A00804FDF /* Project object */ = {
			isa = PBXProject;
			attributes = {
				LastSwiftUpdateCheck = 1140;
				LastUpgradeCheck = 1140;
				ORGANIZATIONNAME = "Felipe Weber";
				TargetAttributes = {
					55E1DD09246B4A3A00804FDF = {
						CreatedOnToolsVersion = 11.4.1;
					};
					55E1DD1F246B4A3D00804FDF = {
						CreatedOnToolsVersion = 11.4.1;
						TestTargetID = 55E1DD09246B4A3A00804FDF;
					};
				};
			};
			buildConfigurationList = 55E1DD05246B4A3A00804FDF /* Build configuration list for PBXProject "DolarNow" */;
			compatibilityVersion = "Xcode 9.3";
			developmentRegion = en;
			hasScannedForEncodings = 0;
			knownRegions = (
				en,
				Base,
			);
			mainGroup = 55E1DD01246B4A3A00804FDF;
			productRefGroup = 55E1DD0B246B4A3A00804FDF /* Products */;
			projectDirPath = "";
			projectRoot = "";
			targets = (
				55E1DD09246B4A3A00804FDF /* DolarNow */,
				55E1DD1F246B4A3D00804FDF /* DolarNowTests */,
			);
		};
/* End PBXProject section */

/* Begin PBXResourcesBuildPhase section */
		55E1DD08246B4A3A00804FDF /* Resources */ = {
			isa = PBXResourcesBuildPhase;
			buildActionMask = 2147483647;
			files = (
				55E1DD1A246B4A3D00804FDF /* LaunchScreen.storyboard in Resources */,
				55E1DD17246B4A3D00804FDF /* Assets.xcassets in Resources */,
				55E1DD15246B4A3A00804FDF /* Main.storyboard in Resources */,
			);
			runOnlyForDeploymentPostprocessing = 0;
		};
		55E1DD1E246B4A3D00804FDF /* Resources */ = {
			isa = PBXResourcesBuildPhase;
			buildActionMask = 2147483647;
			files = (
			);
			runOnlyForDeploymentPostprocessing = 0;
		};
/* End PBXResourcesBuildPhase section */

/* Begin PBXSourcesBuildPhase section */
		55E1DD06246B4A3A00804FDF /* Sources */ = {
			isa = PBXSourcesBuildPhase;
			buildActionMask = 2147483647;
			files = (
				55E1DD30246B4CB700804FDF /* DolarNowCollectionViewCell.swift in Sources */,
				55E1DD12246B4A3A00804FDF /* ViewController.swift in Sources */,
				55E1DD0E246B4A3A00804FDF /* AppDelegate.swift in Sources */,
				55E1DD10246B4A3A00804FDF /* SceneDelegate.swift in Sources */,
			);
			runOnlyForDeploymentPostprocessing = 0;
		};
		55E1DD1C246B4A3D00804FDF /* Sources */ = {
			isa = PBXSourcesBuildPhase;
			buildActionMask = 2147483647;
			files = (
				55E1DD25246B4A3D00804FDF /* DolarNowTests.swift in Sources */,
			);
			runOnlyForDeploymentPostprocessing = 0;
		};
/* End PBXSourcesBuildPhase section */

/* Begin PBXTargetDependency section */
		55E1DD22246B4A3D00804FDF /* PBXTargetDependency */ = {
			isa = PBXTargetDependency;
			target = 55E1DD09246B4A3A00804FDF /* DolarNow */;
			targetProxy = 55E1DD21246B4A3D00804FDF /* PBXContainerItemProxy */;
		};
/* End PBXTargetDependency section */

/* Begin PBXVariantGroup section */
		55E1DD13246B4A3A00804FDF /* Main.storyboard */ = {
			isa = PBXVariantGroup;
			children = (
				55E1DD14246B4A3A00804FDF /* Base */,
			);
			name = Main.storyboard;
			sourceTree = "<group>";
		};
		55E1DD18246B4A3D00804FDF /* LaunchScreen.storyboard */ = {
			isa = PBXVariantGroup;
			children = (
				55E1DD19246B4A3D00804FDF /* Base */,
			);
			name = LaunchScreen.storyboard;
			sourceTree = "<group>";
		};
/* End PBXVariantGroup section */

/* Begin XCBuildConfiguration section */
		55E1DD27246B4A3D00804FDF /* Debug */ = {
			isa = XCBuildConfiguration;
			buildSettings = {
				ALWAYS_SEARCH_USER_PATHS = NO;
				CLANG_ANALYZER_NONNULL = YES;
				CLANG_ANALYZER_NUMBER_OBJECT_CONVERSION = YES_AGGRESSIVE;
				CLANG_CXX_LANGUAGE_STANDARD = "gnu++14";
				CLANG_CXX_LIBRARY = "libc++";
				CLANG_ENABLE_MODULES = YES;
				CLANG_ENABLE_OBJC_ARC = YES;
				CLANG_ENABLE_OBJC_WEAK = YES;
				CLANG_WARN_BLOCK_CAPTURE_AUTORELEASING = YES;
				CLANG_WARN_BOOL_CONVERSION = YES;
				CLANG_WARN_COMMA = YES;
				CLANG_WARN_CONSTANT_CONVERSION = YES;
				CLANG_WARN_DEPRECATED_OBJC_IMPLEMENTATIONS = YES;
				CLANG_WARN_DIRECT_OBJC_ISA_USAGE = YES_ERROR;
				CLANG_WARN_DOCUMENTATION_COMMENTS = YES;
				CLANG_WARN_EMPTY_BODY = YES;
				CLANG_WARN_ENUM_CONVERSION = YES;
				CLANG_WARN_INFINITE_RECURSION = YES;
				CLANG_WARN_INT_CONVERSION = YES;
				CLANG_WARN_NON_LITERAL_NULL_CONVERSION = YES;
				CLANG_WARN_OBJC_IMPLICIT_RETAIN_SELF = YES;
				CLANG_WARN_OBJC_LITERAL_CONVERSION = YES;
				CLANG_WARN_OBJC_ROOT_CLASS = YES_ERROR;
				CLANG_WARN_RANGE_LOOP_ANALYSIS = YES;
				CLANG_WARN_STRICT_PROTOTYPES = YES;
				CLANG_WARN_SUSPICIOUS_MOVE = YES;
				CLANG_WARN_UNGUARDED_AVAILABILITY = YES_AGGRESSIVE;
				CLANG_WARN_UNREACHABLE_CODE = YES;
				CLANG_WARN__DUPLICATE_METHOD_MATCH = YES;
				COPY_PHASE_STRIP = NO;
				DEBUG_INFORMATION_FORMAT = dwarf;
				ENABLE_STRICT_OBJC_MSGSEND = YES;
				ENABLE_TESTABILITY = YES;
				GCC_C_LANGUAGE_STANDARD = gnu11;
				GCC_DYNAMIC_NO_PIC = NO;
				GCC_NO_COMMON_BLOCKS = YES;
				GCC_OPTIMIZATION_LEVEL = 0;
				GCC_PREPROCESSOR_DEFINITIONS = (
					"DEBUG=1",
					"$(inherited)",
				);
				GCC_WARN_64_TO_32_BIT_CONVERSION = YES;
				GCC_WARN_ABOUT_RETURN_TYPE = YES_ERROR;
				GCC_WARN_UNDECLARED_SELECTOR = YES;
				GCC_WARN_UNINITIALIZED_AUTOS = YES_AGGRESSIVE;
				GCC_WARN_UNUSED_FUNCTION = YES;
				GCC_WARN_UNUSED_VARIABLE = YES;
				IPHONEOS_DEPLOYMENT_TARGET = 13.4;
				MTL_ENABLE_DEBUG_INFO = INCLUDE_SOURCE;
				MTL_FAST_MATH = YES;
				ONLY_ACTIVE_ARCH = YES;
				SDKROOT = iphoneos;
				SWIFT_ACTIVE_COMPILATION_CONDITIONS = DEBUG;
				SWIFT_OPTIMIZATION_LEVEL = "-Onone";
			};
			name = Debug;
		};
		55E1DD28246B4A3D00804FDF /* Release */ = {
			isa = XCBuildConfiguration;
			buildSettings = {
				ALWAYS_SEARCH_USER_PATHS = NO;
				CLANG_ANALYZER_NONNULL = YES;
				CLANG_ANALYZER_NUMBER_OBJECT_CONVERSION = YES_AGGRESSIVE;
				CLANG_CXX_LANGUAGE_STANDARD = "gnu++14";
				CLANG_CXX_LIBRARY = "libc++";
				CLANG_ENABLE_MODULES = YES;
				CLANG_ENABLE_OBJC_ARC = YES;
				CLANG_ENABLE_OBJC_WEAK = YES;
				CLANG_WARN_BLOCK_CAPTURE_AUTORELEASING = YES;
				CLANG_WARN_BOOL_CONVERSION = YES;
				CLANG_WARN_COMMA = YES;
				CLANG_WARN_CONSTANT_CONVERSION = YES;
				CLANG_WARN_DEPRECATED_OBJC_IMPLEMENTATIONS = YES;
				CLANG_WARN_DIRECT_OBJC_ISA_USAGE = YES_ERROR;
				CLANG_WARN_DOCUMENTATION_COMMENTS = YES;
				CLANG_WARN_EMPTY_BODY = YES;
				CLANG_WARN_ENUM_CONVERSION = YES;
				CLANG_WARN_INFINITE_RECURSION = YES;
				CLANG_WARN_INT_CONVERSION = YES;
				CLANG_WARN_NON_LITERAL_NULL_CONVERSION = YES;
				CLANG_WARN_OBJC_IMPLICIT_RETAIN_SELF = YES;
				CLANG_WARN_OBJC_LITERAL_CONVERSION = YES;
				CLANG_WARN_OBJC_ROOT_CLASS = YES_ERROR;
				CLANG_WARN_RANGE_LOOP_ANALYSIS = YES;
				CLANG_WARN_STRICT_PROTOTYPES = YES;
				CLANG_WARN_SUSPICIOUS_MOVE = YES;
				CLANG_WARN_UNGUARDED_AVAILABILITY = YES_AGGRESSIVE;
				CLANG_WARN_UNREACHABLE_CODE = YES;
				CLANG_WARN__DUPLICATE_METHOD_MATCH = YES;
				COPY_PHASE_STRIP = NO;
				DEBUG_INFORMATION_FORMAT = "dwarf-with-dsym";
				ENABLE_NS_ASSERTIONS = NO;
				ENABLE_STRICT_OBJC_MSGSEND = YES;
				GCC_C_LANGUAGE_STANDARD = gnu11;
				GCC_NO_COMMON_BLOCKS = YES;
				GCC_WARN_64_TO_32_BIT_CONVERSION = YES;
				GCC_WARN_ABOUT_RETURN_TYPE = YES_ERROR;
				GCC_WARN_UNDECLARED_SELECTOR = YES;
				GCC_WARN_UNINITIALIZED_AUTOS = YES_AGGRESSIVE;
				GCC_WARN_UNUSED_FUNCTION = YES;
				GCC_WARN_UNUSED_VARIABLE = YES;
				IPHONEOS_DEPLOYMENT_TARGET = 13.4;
				MTL_ENABLE_DEBUG_INFO = NO;
				MTL_FAST_MATH = YES;
				SDKROOT = iphoneos;
				SWIFT_COMPILATION_MODE = wholemodule;
				SWIFT_OPTIMIZATION_LEVEL = "-O";
				VALIDATE_PRODUCT = YES;
			};
			name = Release;
		};
		55E1DD2A246B4A3D00804FDF /* Debug */ = {
			isa = XCBuildConfiguration;
			buildSettings = {
				ASSETCATALOG_COMPILER_APPICON_NAME = AppIcon;
				CODE_SIGN_STYLE = Automatic;
				DEVELOPMENT_TEAM = 9QG5EGL3K8;
				INFOPLIST_FILE = DolarNow/Info.plist;
				LD_RUNPATH_SEARCH_PATHS = (
					"$(inherited)",
					"@executable_path/Frameworks",
				);
				PRODUCT_BUNDLE_IDENTIFIER = com.felipeweber.DolarNow;
				PRODUCT_NAME = "$(TARGET_NAME)";
				SWIFT_VERSION = 5.0;
				TARGETED_DEVICE_FAMILY = "1,2";
			};
			name = Debug;
		};
		55E1DD2B246B4A3D00804FDF /* Release */ = {
			isa = XCBuildConfiguration;
			buildSettings = {
				ASSETCATALOG_COMPILER_APPICON_NAME = AppIcon;
				CODE_SIGN_STYLE = Automatic;
				DEVELOPMENT_TEAM = 9QG5EGL3K8;
				INFOPLIST_FILE = DolarNow/Info.plist;
				LD_RUNPATH_SEARCH_PATHS = (
					"$(inherited)",
					"@executable_path/Frameworks",
				);
				PRODUCT_BUNDLE_IDENTIFIER = com.felipeweber.DolarNow;
				PRODUCT_NAME = "$(TARGET_NAME)";
				SWIFT_VERSION = 5.0;
				TARGETED_DEVICE_FAMILY = "1,2";
			};
			name = Release;
		};
		55E1DD2D246B4A3D00804FDF /* Debug */ = {
			isa = XCBuildConfiguration;
			buildSettings = {
				ALWAYS_EMBED_SWIFT_STANDARD_LIBRARIES = YES;
				BUNDLE_LOADER = "$(TEST_HOST)";
				CODE_SIGN_STYLE = Automatic;
				DEVELOPMENT_TEAM = 9QG5EGL3K8;
				INFOPLIST_FILE = DolarNowTests/Info.plist;
				IPHONEOS_DEPLOYMENT_TARGET = 13.4;
				LD_RUNPATH_SEARCH_PATHS = (
					"$(inherited)",
					"@executable_path/Frameworks",
					"@loader_path/Frameworks",
				);
				PRODUCT_BUNDLE_IDENTIFIER = com.felipeweber.DolarNowTests;
				PRODUCT_NAME = "$(TARGET_NAME)";
				SWIFT_VERSION = 5.0;
				TARGETED_DEVICE_FAMILY = "1,2";
				TEST_HOST = "$(BUILT_PRODUCTS_DIR)/DolarNow.app/DolarNow";
			};
			name = Debug;
		};
		55E1DD2E246B4A3D00804FDF /* Release */ = {
			isa = XCBuildConfiguration;
			buildSettings = {
				ALWAYS_EMBED_SWIFT_STANDARD_LIBRARIES = YES;
				BUNDLE_LOADER = "$(TEST_HOST)";
				CODE_SIGN_STYLE = Automatic;
				DEVELOPMENT_TEAM = 9QG5EGL3K8;
				INFOPLIST_FILE = DolarNowTests/Info.plist;
				IPHONEOS_DEPLOYMENT_TARGET = 13.4;
				LD_RUNPATH_SEARCH_PATHS = (
					"$(inherited)",
					"@executable_path/Frameworks",
					"@loader_path/Frameworks",
				);
				PRODUCT_BUNDLE_IDENTIFIER = com.felipeweber.DolarNowTests;
				PRODUCT_NAME = "$(TARGET_NAME)";
				SWIFT_VERSION = 5.0;
				TARGETED_DEVICE_FAMILY = "1,2";
				TEST_HOST = "$(BUILT_PRODUCTS_DIR)/DolarNow.app/DolarNow";
			};
			name = Release;
		};
/* End XCBuildConfiguration section */

/* Begin XCConfigurationList section */
		55E1DD05246B4A3A00804FDF /* Build configuration list for PBXProject "DolarNow" */ = {
			isa = XCConfigurationList;
			buildConfigurations = (
				55E1DD27246B4A3D00804FDF /* Debug */,
				55E1DD28246B4A3D00804FDF /* Release */,
			);
			defaultConfigurationIsVisible = 0;
			defaultConfigurationName = Release;
		};
		55E1DD29246B4A3D00804FDF /* Build configuration list for PBXNativeTarget "DolarNow" */ = {
			isa = XCConfigurationList;
			buildConfigurations = (
				55E1DD2A246B4A3D00804FDF /* Debug */,
				55E1DD2B246B4A3D00804FDF /* Release */,
			);
			defaultConfigurationIsVisible = 0;
			defaultConfigurationName = Release;
		};
		55E1DD2C246B4A3D00804FDF /* Build configuration list for PBXNativeTarget "DolarNowTests" */ = {
			isa = XCConfigurationList;
			buildConfigurations = (
				55E1DD2D246B4A3D00804FDF /* Debug */,
				55E1DD2E246B4A3D00804FDF /* Release */,
			);
			defaultConfigurationIsVisible = 0;
			defaultConfigurationName = Release;
		};
/* End XCConfigurationList section */
	};
	rootObject = 55E1DD02246B4A3A00804FDF /* Project object */;
}
